// !$*UTF8*$!
{
	archiveVersion = 1;
	classes = {
	};
	objectVersion = 50;
	objects = {

/* Begin PBXBuildFile section */
		69513378257148D90015C5CC /* Screenshot02.png in Resources */ = {isa = PBXBuildFile; fileRef = 69513376257148D90015C5CC /* Screenshot02.png */; };
		69513379257148D90015C5CC /* Screenshot01.png in Resources */ = {isa = PBXBuildFile; fileRef = 69513377257148D90015C5CC /* Screenshot01.png */; };
		69D10868256FDAFF0060D09C /* AppDelegate.swift in Sources */ = {isa = PBXBuildFile; fileRef = 69D10867256FDAFF0060D09C /* AppDelegate.swift */; };
		69D1086A256FDAFF0060D09C /* art.scnassets in Resources */ = {isa = PBXBuildFile; fileRef = 69D10869256FDAFF0060D09C /* art.scnassets */; };
		69D1086C256FDAFF0060D09C /* GameViewController.swift in Sources */ = {isa = PBXBuildFile; fileRef = 69D1086B256FDAFF0060D09C /* GameViewController.swift */; };
		69D1086F256FDAFF0060D09C /* Main.storyboard in Resources */ = {isa = PBXBuildFile; fileRef = 69D1086D256FDAFF0060D09C /* Main.storyboard */; };
		69D10871256FDB000060D09C /* Assets.xcassets in Resources */ = {isa = PBXBuildFile; fileRef = 69D10870256FDB000060D09C /* Assets.xcassets */; };
/* End PBXBuildFile section */

/* Begin PBXFileReference section */
		69513376257148D90015C5CC /* Screenshot02.png */ = {isa = PBXFileReference; lastKnownFileType = image.png; path = Screenshot02.png; sourceTree = "<group>"; };
		69513377257148D90015C5CC /* Screenshot01.png */ = {isa = PBXFileReference; lastKnownFileType = image.png; path = Screenshot01.png; sourceTree = "<group>"; };
		69D10864256FDAFF0060D09C /* Game MDA 2020.app */ = {isa = PBXFileReference; explicitFileType = wrapper.application; includeInIndex = 0; path = "Game MDA 2020.app"; sourceTree = BUILT_PRODUCTS_DIR; };
		69D10867256FDAFF0060D09C /* AppDelegate.swift */ = {isa = PBXFileReference; lastKnownFileType = sourcecode.swift; path = AppDelegate.swift; sourceTree = "<group>"; };
		69D10869256FDAFF0060D09C /* art.scnassets */ = {isa = PBXFileReference; lastKnownFileType = wrapper.scnassets; path = art.scnassets; sourceTree = "<group>"; };
		69D1086B256FDAFF0060D09C /* GameViewController.swift */ = {isa = PBXFileReference; lastKnownFileType = sourcecode.swift; path = GameViewController.swift; sourceTree = "<group>"; };
		69D1086E256FDAFF0060D09C /* Base */ = {isa = PBXFileReference; lastKnownFileType = file.storyboard; name = Base; path = Base.lproj/Main.storyboard; sourceTree = "<group>"; };
		69D10870256FDB000060D09C /* Assets.xcassets */ = {isa = PBXFileReference; lastKnownFileType = folder.assetcatalog; path = Assets.xcassets; sourceTree = "<group>"; };
		69D10872256FDB000060D09C /* Info.plist */ = {isa = PBXFileReference; lastKnownFileType = text.plist.xml; path = Info.plist; sourceTree = "<group>"; };
/* End PBXFileReference section */

/* Begin PBXFrameworksBuildPhase section */
		69D10861256FDAFF0060D09C /* Frameworks */ = {
			isa = PBXFrameworksBuildPhase;
			buildActionMask = 2147483647;
			files = (
			);
			runOnlyForDeploymentPostprocessing = 0;
		};
/* End PBXFrameworksBuildPhase section */

/* Begin PBXGroup section */
		6951337B257148DE0015C5CC /* Screenshots */ = {
			isa = PBXGroup;
			children = (
				69513377257148D90015C5CC /* Screenshot01.png */,
				69513376257148D90015C5CC /* Screenshot02.png */,
			);
			path = Screenshots;
			sourceTree = "<group>";
		};
		69D1085B256FDAFF0060D09C = {
			isa = PBXGroup;
			children = (
				69D10866256FDAFF0060D09C /* Game MDA 2020 */,
				69D10865256FDAFF0060D09C /* Products */,
			);
			sourceTree = "<group>";
		};
		69D10865256FDAFF0060D09C /* Products */ = {
			isa = PBXGroup;
			children = (
				69D10864256FDAFF0060D09C /* Game MDA 2020.app */,
			);
			name = Products;
			sourceTree = "<group>";
		};
		69D10866256FDAFF0060D09C /* Game MDA 2020 */ = {
			isa = PBXGroup;
			children = (
				69D10867256FDAFF0060D09C /* AppDelegate.swift */,
				69D10869256FDAFF0060D09C /* art.scnassets */,
				69D10870256FDB000060D09C /* Assets.xcassets */,
				69D1086B256FDAFF0060D09C /* GameViewController.swift */,
				69D10872256FDB000060D09C /* Info.plist */,
				69D1086D256FDAFF0060D09C /* Main.storyboard */,
				6951337B257148DE0015C5CC /* Screenshots */,
			);
			path = "Game MDA 2020";
			sourceTree = "<group>";
		};
/* End PBXGroup section */

/* Begin PBXNativeTarget section */
		69D10863256FDAFF0060D09C /* Game MDA 2020 */ = {
			isa = PBXNativeTarget;
			buildConfigurationList = 69D10875256FDB000060D09C /* Build configuration list for PBXNativeTarget "Game MDA 2020" */;
			buildPhases = (
				69D10860256FDAFF0060D09C /* Sources */,
				69D10861256FDAFF0060D09C /* Frameworks */,
				69D10862256FDAFF0060D09C /* Resources */,
			);
			buildRules = (
			);
			dependencies = (
			);
			name = "Game MDA 2020";
			productName = "Game MDA 2020";
			productReference = 69D10864256FDAFF0060D09C /* Game MDA 2020.app */;
			productType = "com.apple.product-type.application";
		};
/* End PBXNativeTarget section */

/* Begin PBXProject section */
		69D1085C256FDAFF0060D09C /* Project object */ = {
			isa = PBXProject;
			attributes = {
				LastSwiftUpdateCheck = 1220;
				LastUpgradeCheck = 1220;
				TargetAttributes = {
					69D10863256FDAFF0060D09C = {
						CreatedOnToolsVersion = 12.2;
					};
				};
			};
			buildConfigurationList = 69D1085F256FDAFF0060D09C /* Build configuration list for PBXProject "Game MDA 2020" */;
			compatibilityVersion = "Xcode 9.3";
			developmentRegion = en;
			hasScannedForEncodings = 0;
			knownRegions = (
				en,
				Base,
			);
			mainGroup = 69D1085B256FDAFF0060D09C;
			productRefGroup = 69D10865256FDAFF0060D09C /* Products */;
			projectDirPath = "";
			projectRoot = "";
			targets = (
				69D10863256FDAFF0060D09C /* Game MDA 2020 */,
			);
		};
/* End PBXProject section */

/* Begin PBXResourcesBuildPhase section */
		69D10862256FDAFF0060D09C /* Resources */ = {
			isa = PBXResourcesBuildPhase;
			buildActionMask = 2147483647;
			files = (
				69D1086A256FDAFF0060D09C /* art.scnassets in Resources */,
				69D10871256FDB000060D09C /* Assets.xcassets in Resources */,
				69D1086F256FDAFF0060D09C /* Main.storyboard in Resources */,
				69513379257148D90015C5CC /* Screenshot01.png in Resources */,
				69513378257148D90015C5CC /* Screenshot02.png in Resources */,
			);
			runOnlyForDeploymentPostprocessing = 0;
		};
/* End PBXResourcesBuildPhase section */

/* Begin PBXSourcesBuildPhase section */
		69D10860256FDAFF0060D09C /* Sources */ = {
			isa = PBXSourcesBuildPhase;
			buildActionMask = 2147483647;
			files = (
				69D1086C256FDAFF0060D09C /* GameViewController.swift in Sources */,
				69D10868256FDAFF0060D09C /* AppDelegate.swift in Sources */,
			);
			runOnlyForDeploymentPostprocessing = 0;
		};
/* End PBXSourcesBuildPhase section */

/* Begin PBXVariantGroup section */
		69D1086D256FDAFF0060D09C /* Main.storyboard */ = {
			isa = PBXVariantGroup;
			children = (
				69D1086E256FDAFF0060D09C /* Base */,
			);
			name = Main.storyboard;
			sourceTree = "<group>";
		};
/* End PBXVariantGroup section */

/* Begin XCBuildConfiguration section */
		69D10873256FDB000060D09C /* Debug */ = {
			isa = XCBuildConfiguration;
			buildSettings = {
				ALWAYS_SEARCH_USER_PATHS = NO;
				CLANG_ANALYZER_NONNULL = YES;
				CLANG_ANALYZER_NUMBER_OBJECT_CONVERSION = YES_AGGRESSIVE;
				CLANG_CXX_LANGUAGE_STANDARD = "gnu++14";
				CLANG_CXX_LIBRARY = "libc++";
				CLANG_ENABLE_MODULES = YES;
				CLANG_ENABLE_OBJC_ARC = YES;
				CLANG_ENABLE_OBJC_WEAK = YES;
				CLANG_WARN_BLOCK_CAPTURE_AUTORELEASING = YES;
				CLANG_WARN_BOOL_CONVERSION = YES;
				CLANG_WARN_COMMA = YES;
				CLANG_WARN_CONSTANT_CONVERSION = YES;
				CLANG_WARN_DEPRECATED_OBJC_IMPLEMENTATIONS = YES;
				CLANG_WARN_DIRECT_OBJC_ISA_USAGE = YES_ERROR;
				CLANG_WARN_DOCUMENTATION_COMMENTS = YES;
				CLANG_WARN_EMPTY_BODY = YES;
				CLANG_WARN_ENUM_CONVERSION = YES;
				CLANG_WARN_INFINITE_RECURSION = YES;
				CLANG_WARN_INT_CONVERSION = YES;
				CLANG_WARN_NON_LITERAL_NULL_CONVERSION = YES;
				CLANG_WARN_OBJC_IMPLICIT_RETAIN_SELF = YES;
				CLANG_WARN_OBJC_LITERAL_CONVERSION = YES;
				CLANG_WARN_OBJC_ROOT_CLASS = YES_ERROR;
				CLANG_WARN_QUOTED_INCLUDE_IN_FRAMEWORK_HEADER = YES;
				CLANG_WARN_RANGE_LOOP_ANALYSIS = YES;
				CLANG_WARN_STRICT_PROTOTYPES = YES;
				CLANG_WARN_SUSPICIOUS_MOVE = YES;
				CLANG_WARN_UNGUARDED_AVAILABILITY = YES_AGGRESSIVE;
				CLANG_WARN_UNREACHABLE_CODE = YES;
				CLANG_WARN__DUPLICATE_METHOD_MATCH = YES;
				COPY_PHASE_STRIP = NO;
				DEBUG_INFORMATION_FORMAT = dwarf;
				ENABLE_STRICT_OBJC_MSGSEND = YES;
				ENABLE_TESTABILITY = YES;
				GCC_C_LANGUAGE_STANDARD = gnu11;
				GCC_DYNAMIC_NO_PIC = NO;
				GCC_NO_COMMON_BLOCKS = YES;
				GCC_OPTIMIZATION_LEVEL = 0;
				GCC_PREPROCESSOR_DEFINITIONS = (
					"DEBUG=1",
					"$(inherited)",
				);
				GCC_WARN_64_TO_32_BIT_CONVERSION = YES;
				GCC_WARN_ABOUT_RETURN_TYPE = YES_ERROR;
				GCC_WARN_UNDECLARED_SELECTOR = YES;
				GCC_WARN_UNINITIALIZED_AUTOS = YES_AGGRESSIVE;
				GCC_WARN_UNUSED_FUNCTION = YES;
				GCC_WARN_UNUSED_VARIABLE = YES;
				IPHONEOS_DEPLOYMENT_TARGET = 14.2;
				MTL_ENABLE_DEBUG_INFO = INCLUDE_SOURCE;
				MTL_FAST_MATH = YES;
				ONLY_ACTIVE_ARCH = YES;
				SDKROOT = iphoneos;
				SWIFT_ACTIVE_COMPILATION_CONDITIONS = DEBUG;
				SWIFT_OPTIMIZATION_LEVEL = "-Onone";
			};
			name = Debug;
		};
		69D10874256FDB000060D09C /* Release */ = {
			isa = XCBuildConfiguration;
			buildSettings = {
				ALWAYS_SEARCH_USER_PATHS = NO;
				CLANG_ANALYZER_NONNULL = YES;
				CLANG_ANALYZER_NUMBER_OBJECT_CONVERSION = YES_AGGRESSIVE;
				CLANG_CXX_LANGUAGE_STANDARD = "gnu++14";
				CLANG_CXX_LIBRARY = "libc++";
				CLANG_ENABLE_MODULES = YES;
				CLANG_ENABLE_OBJC_ARC = YES;
				CLANG_ENABLE_OBJC_WEAK = YES;
				CLANG_WARN_BLOCK_CAPTURE_AUTORELEASING = YES;
				CLANG_WARN_BOOL_CONVERSION = YES;
				CLANG_WARN_COMMA = YES;
				CLANG_WARN_CONSTANT_CONVERSION = YES;
				CLANG_WARN_DEPRECATED_OBJC_IMPLEMENTATIONS = YES;
				CLANG_WARN_DIRECT_OBJC_ISA_USAGE = YES_ERROR;
				CLANG_WARN_DOCUMENTATION_COMMENTS = YES;
				CLANG_WARN_EMPTY_BODY = YES;
				CLANG_WARN_ENUM_CONVERSION = YES;
				CLANG_WARN_INFINITE_RECURSION = YES;
				CLANG_WARN_INT_CONVERSION = YES;
				CLANG_WARN_NON_LITERAL_NULL_CONVERSION = YES;
				CLANG_WARN_OBJC_IMPLICIT_RETAIN_SELF = YES;
				CLANG_WARN_OBJC_LITERAL_CONVERSION = YES;
				CLANG_WARN_OBJC_ROOT_CLASS = YES_ERROR;
				CLANG_WARN_QUOTED_INCLUDE_IN_FRAMEWORK_HEADER = YES;
				CLANG_WARN_RANGE_LOOP_ANALYSIS = YES;
				CLANG_WARN_STRICT_PROTOTYPES = YES;
				CLANG_WARN_SUSPICIOUS_MOVE = YES;
				CLANG_WARN_UNGUARDED_AVAILABILITY = YES_AGGRESSIVE;
				CLANG_WARN_UNREACHABLE_CODE = YES;
				CLANG_WARN__DUPLICATE_METHOD_MATCH = YES;
				COPY_PHASE_STRIP = NO;
				DEBUG_INFORMATION_FORMAT = "dwarf-with-dsym";
				ENABLE_NS_ASSERTIONS = NO;
				ENABLE_STRICT_OBJC_MSGSEND = YES;
				GCC_C_LANGUAGE_STANDARD = gnu11;
				GCC_NO_COMMON_BLOCKS = YES;
				GCC_WARN_64_TO_32_BIT_CONVERSION = YES;
				GCC_WARN_ABOUT_RETURN_TYPE = YES_ERROR;
				GCC_WARN_UNDECLARED_SELECTOR = YES;
				GCC_WARN_UNINITIALIZED_AUTOS = YES_AGGRESSIVE;
				GCC_WARN_UNUSED_FUNCTION = YES;
				GCC_WARN_UNUSED_VARIABLE = YES;
				IPHONEOS_DEPLOYMENT_TARGET = 14.2;
				MTL_ENABLE_DEBUG_INFO = NO;
				MTL_FAST_MATH = YES;
				SDKROOT = iphoneos;
				SWIFT_COMPILATION_MODE = wholemodule;
				SWIFT_OPTIMIZATION_LEVEL = "-O";
				VALIDATE_PRODUCT = YES;
			};
			name = Release;
		};
		69D10876256FDB000060D09C /* Debug */ = {
			isa = XCBuildConfiguration;
			buildSettings = {
				ASSETCATALOG_COMPILER_APPICON_NAME = AppIcon;
				ASSETCATALOG_COMPILER_GLOBAL_ACCENT_COLOR_NAME = AccentColor;
				CODE_SIGN_STYLE = Automatic;
				DEVELOPMENT_TEAM = 8J39KF9DMS;
				INFOPLIST_FILE = "Game MDA 2020/Info.plist";
				IPHONEOS_DEPLOYMENT_TARGET = 14.0;
				LD_RUNPATH_SEARCH_PATHS = (
					"$(inherited)",
					"@executable_path/Frameworks",
				);
				PRODUCT_BUNDLE_IDENTIFIER = "ru.m-d-a.Game-MDA-2020";
				PRODUCT_NAME = "$(TARGET_NAME)";
				SWIFT_VERSION = 5.0;
				TARGETED_DEVICE_FAMILY = "1,2";
			};
			name = Debug;
		};
		69D10877256FDB000060D09C /* Release */ = {
			isa = XCBuildConfiguration;
			buildSettings = {
				ASSETCATALOG_COMPILER_APPICON_NAME = AppIcon;
				ASSETCATALOG_COMPILER_GLOBAL_ACCENT_COLOR_NAME = AccentColor;
				CODE_SIGN_STYLE = Automatic;
				DEVELOPMENT_TEAM = 8J39KF9DMS;
				INFOPLIST_FILE = "Game MDA 2020/Info.plist";
				IPHONEOS_DEPLOYMENT_TARGET = 14.0;
				LD_RUNPATH_SEARCH_PATHS = (
					"$(inherited)",
					"@executable_path/Frameworks",
				);
				PRODUCT_BUNDLE_IDENTIFIER = "ru.m-d-a.Game-MDA-2020";
				PRODUCT_NAME = "$(TARGET_NAME)";
				SWIFT_VERSION = 5.0;
				TARGETED_DEVICE_FAMILY = "1,2";
			};
			name = Release;
		};
/* End XCBuildConfiguration section */

/* Begin XCConfigurationList section */
		69D1085F256FDAFF0060D09C /* Build configuration list for PBXProject "Game MDA 2020" */ = {
			isa = XCConfigurationList;
			buildConfigurations = (
				69D10873256FDB000060D09C /* Debug */,
				69D10874256FDB000060D09C /* Release */,
			);
			defaultConfigurationIsVisible = 0;
			defaultConfigurationName = Release;
		};
		69D10875256FDB000060D09C /* Build configuration list for PBXNativeTarget "Game MDA 2020" */ = {
			isa = XCConfigurationList;
			buildConfigurations = (
				69D10876256FDB000060D09C /* Debug */,
				69D10877256FDB000060D09C /* Release */,
			);
			defaultConfigurationIsVisible = 0;
			defaultConfigurationName = Release;
		};
/* End XCConfigurationList section */
	};
	rootObject = 69D1085C256FDAFF0060D09C /* Project object */;
}
